
Microsoft Visual Studio Solution File, Format Version 12.00
# Visual Studio Version 16
VisualStudioVersion = 16.0.34114.132
MinimumVisualStudioVersion = 10.0.40219.1
Project("{FAE04EC0-301F-11D3-BF4B-00C04F79EFBC}") = "Seminar_1", "Seminar_1.csproj", "{8BAFF78B-66B4-44C6-9139-16F2FF1178E0}"
EndProject
Global
	GlobalSection(SolutionConfigurationPlatforms) = preSolution
		Debug|Any CPU = Debug|Any CPU
		Release|Any CPU = Release|Any CPU
	EndGlobalSection
	GlobalSection(ProjectConfigurationPlatforms) = postSolution
		{8BAFF78B-66B4-44C6-9139-16F2FF1178E0}.Debug|Any CPU.ActiveCfg = Debug|Any CPU
		{8BAFF78B-66B4-44C6-9139-16F2FF1178E0}.Debug|Any CPU.Build.0 = Debug|Any CPU
		{8BAFF78B-66B4-44C6-9139-16F2FF1178E0}.Release|Any CPU.ActiveCfg = Release|Any CPU
		{8BAFF78B-66B4-44C6-9139-16F2FF1178E0}.Release|Any CPU.Build.0 = Release|Any CPU
	EndGlobalSection
	GlobalSection(SolutionProperties) = preSolution
		HideSolutionNode = FALSE
	EndGlobalSection
	GlobalSection(ExtensibilityGlobals) = postSolution
		SolutionGuid = {39EF8C72-3387-4DC2-8945-133D32F5B677}
	EndGlobalSection
EndGlobal
